// !$*UTF8*$!
{
	archiveVersion = 1;
	classes = {
	};
	objectVersion = 46;
	objects = {

/* Begin PBXBuildFile section */
		A127F6C91D2EB341006B7085 /* nowhere.mp3 in Resources */ = {isa = PBXBuildFile; fileRef = A127F6BC1D2EB341006B7085 /* nowhere.mp3 */; };
		A127F6CA1D2EB341006B7085 /* mexican.mp3 in Resources */ = {isa = PBXBuildFile; fileRef = A127F6BD1D2EB341006B7085 /* mexican.mp3 */; };
		A127F6CB1D2EB341006B7085 /* love.mp3 in Resources */ = {isa = PBXBuildFile; fileRef = A127F6BE1D2EB341006B7085 /* love.mp3 */; };
		A127F6CC1D2EB341006B7085 /* knees.mp3 in Resources */ = {isa = PBXBuildFile; fileRef = A127F6BF1D2EB341006B7085 /* knees.mp3 */; };
		A127F6CD1D2EB341006B7085 /* ladies.mp3 in Resources */ = {isa = PBXBuildFile; fileRef = A127F6C01D2EB341006B7085 /* ladies.mp3 */; };
		A127F6CE1D2EB341006B7085 /* pay.mp3 in Resources */ = {isa = PBXBuildFile; fileRef = A127F6C11D2EB341006B7085 /* pay.mp3 */; };
		A127F6CF1D2EB341006B7085 /* missUSA.mp3 in Resources */ = {isa = PBXBuildFile; fileRef = A127F6C21D2EB341006B7085 /* missUSA.mp3 */; };
		A127F6D01D2EB341006B7085 /* muslim.mp3 in Resources */ = {isa = PBXBuildFile; fileRef = A127F6C31D2EB341006B7085 /* muslim.mp3 */; };
		A127F6D11D2EB341006B7085 /* wall.mp3 in Resources */ = {isa = PBXBuildFile; fileRef = A127F6C41D2EB341006B7085 /* wall.mp3 */; };
		A127F6D21D2EB341006B7085 /* loan.mp3 in Resources */ = {isa = PBXBuildFile; fileRef = A127F6C51D2EB341006B7085 /* loan.mp3 */; };
		A127F6D31D2EB341006B7085 /* rapists.mp3 in Resources */ = {isa = PBXBuildFile; fileRef = A127F6C61D2EB341006B7085 /* rapists.mp3 */; };
		A127F6D41D2EB341006B7085 /* tremendous.mp3 in Resources */ = {isa = PBXBuildFile; fileRef = A127F6C71D2EB341006B7085 /* tremendous.mp3 */; };
		A127F6D51D2EB341006B7085 /* univision.mp3 in Resources */ = {isa = PBXBuildFile; fileRef = A127F6C81D2EB341006B7085 /* univision.mp3 */; };
		A1EFBEB21D2D5EBC00EEE8E5 /* AppDelegate.swift in Sources */ = {isa = PBXBuildFile; fileRef = A1EFBEB11D2D5EBC00EEE8E5 /* AppDelegate.swift */; };
		A1EFBEB41D2D5EBC00EEE8E5 /* ViewController.swift in Sources */ = {isa = PBXBuildFile; fileRef = A1EFBEB31D2D5EBC00EEE8E5 /* ViewController.swift */; };
		A1EFBEB71D2D5EBC00EEE8E5 /* Main.storyboard in Resources */ = {isa = PBXBuildFile; fileRef = A1EFBEB51D2D5EBC00EEE8E5 /* Main.storyboard */; };
		A1EFBEB91D2D5EBC00EEE8E5 /* Assets.xcassets in Resources */ = {isa = PBXBuildFile; fileRef = A1EFBEB81D2D5EBC00EEE8E5 /* Assets.xcassets */; };
		A1EFBEBC1D2D5EBC00EEE8E5 /* LaunchScreen.storyboard in Resources */ = {isa = PBXBuildFile; fileRef = A1EFBEBA1D2D5EBC00EEE8E5 /* LaunchScreen.storyboard */; };
		A1EFBEE91D2DA50700EEE8E5 /* AVFoundation.framework in Frameworks */ = {isa = PBXBuildFile; fileRef = A1EFBEE81D2DA50700EEE8E5 /* AVFoundation.framework */; };
/* End PBXBuildFile section */

/* Begin PBXFileReference section */
		A127F6BC1D2EB341006B7085 /* nowhere.mp3 */ = {isa = PBXFileReference; lastKnownFileType = audio.mp3; path = nowhere.mp3; sourceTree = "<group>"; };
		A127F6BD1D2EB341006B7085 /* mexican.mp3 */ = {isa = PBXFileReference; lastKnownFileType = audio.mp3; path = mexican.mp3; sourceTree = "<group>"; };
		A127F6BE1D2EB341006B7085 /* love.mp3 */ = {isa = PBXFileReference; lastKnownFileType = audio.mp3; path = love.mp3; sourceTree = "<group>"; };
		A127F6BF1D2EB341006B7085 /* knees.mp3 */ = {isa = PBXFileReference; lastKnownFileType = audio.mp3; path = knees.mp3; sourceTree = "<group>"; };
		A127F6C01D2EB341006B7085 /* ladies.mp3 */ = {isa = PBXFileReference; lastKnownFileType = audio.mp3; path = ladies.mp3; sourceTree = "<group>"; };
		A127F6C11D2EB341006B7085 /* pay.mp3 */ = {isa = PBXFileReference; lastKnownFileType = audio.mp3; path = pay.mp3; sourceTree = "<group>"; };
		A127F6C21D2EB341006B7085 /* missUSA.mp3 */ = {isa = PBXFileReference; lastKnownFileType = audio.mp3; path = missUSA.mp3; sourceTree = "<group>"; };
		A127F6C31D2EB341006B7085 /* muslim.mp3 */ = {isa = PBXFileReference; lastKnownFileType = audio.mp3; path = muslim.mp3; sourceTree = "<group>"; };
		A127F6C41D2EB341006B7085 /* wall.mp3 */ = {isa = PBXFileReference; lastKnownFileType = audio.mp3; path = wall.mp3; sourceTree = "<group>"; };
		A127F6C51D2EB341006B7085 /* loan.mp3 */ = {isa = PBXFileReference; lastKnownFileType = audio.mp3; path = loan.mp3; sourceTree = "<group>"; };
		A127F6C61D2EB341006B7085 /* rapists.mp3 */ = {isa = PBXFileReference; lastKnownFileType = audio.mp3; path = rapists.mp3; sourceTree = "<group>"; };
		A127F6C71D2EB341006B7085 /* tremendous.mp3 */ = {isa = PBXFileReference; lastKnownFileType = audio.mp3; path = tremendous.mp3; sourceTree = "<group>"; };
		A127F6C81D2EB341006B7085 /* univision.mp3 */ = {isa = PBXFileReference; lastKnownFileType = audio.mp3; path = univision.mp3; sourceTree = "<group>"; };
		A1EFBEAE1D2D5EBC00EEE8E5 /* DJTQuoteGenerator.app */ = {isa = PBXFileReference; explicitFileType = wrapper.application; includeInIndex = 0; path = DJTQuoteGenerator.app; sourceTree = BUILT_PRODUCTS_DIR; };
		A1EFBEB11D2D5EBC00EEE8E5 /* AppDelegate.swift */ = {isa = PBXFileReference; lastKnownFileType = sourcecode.swift; path = AppDelegate.swift; sourceTree = "<group>"; };
		A1EFBEB31D2D5EBC00EEE8E5 /* ViewController.swift */ = {isa = PBXFileReference; lastKnownFileType = sourcecode.swift; path = ViewController.swift; sourceTree = "<group>"; };
		A1EFBEB61D2D5EBC00EEE8E5 /* Base */ = {isa = PBXFileReference; lastKnownFileType = file.storyboard; name = Base; path = Base.lproj/Main.storyboard; sourceTree = "<group>"; };
		A1EFBEB81D2D5EBC00EEE8E5 /* Assets.xcassets */ = {isa = PBXFileReference; lastKnownFileType = folder.assetcatalog; path = Assets.xcassets; sourceTree = "<group>"; };
		A1EFBEBB1D2D5EBC00EEE8E5 /* Base */ = {isa = PBXFileReference; lastKnownFileType = file.storyboard; name = Base; path = Base.lproj/LaunchScreen.storyboard; sourceTree = "<group>"; };
		A1EFBEBD1D2D5EBC00EEE8E5 /* Info.plist */ = {isa = PBXFileReference; lastKnownFileType = text.plist.xml; path = Info.plist; sourceTree = "<group>"; };
		A1EFBEE81D2DA50700EEE8E5 /* AVFoundation.framework */ = {isa = PBXFileReference; lastKnownFileType = wrapper.framework; name = AVFoundation.framework; path = System/Library/Frameworks/AVFoundation.framework; sourceTree = SDKROOT; };
/* End PBXFileReference section */

/* Begin PBXFrameworksBuildPhase section */
		A1EFBEAB1D2D5EBC00EEE8E5 /* Frameworks */ = {
			isa = PBXFrameworksBuildPhase;
			buildActionMask = 2147483647;
			files = (
				A1EFBEE91D2DA50700EEE8E5 /* AVFoundation.framework in Frameworks */,
			);
			runOnlyForDeploymentPostprocessing = 0;
		};
/* End PBXFrameworksBuildPhase section */

/* Begin PBXGroup section */
		A127F6BB1D2EB341006B7085 /* Audio Files */ = {
			isa = PBXGroup;
			children = (
				A127F6BC1D2EB341006B7085 /* nowhere.mp3 */,
				A127F6BD1D2EB341006B7085 /* mexican.mp3 */,
				A127F6BE1D2EB341006B7085 /* love.mp3 */,
				A127F6BF1D2EB341006B7085 /* knees.mp3 */,
				A127F6C01D2EB341006B7085 /* ladies.mp3 */,
				A127F6C11D2EB341006B7085 /* pay.mp3 */,
				A127F6C21D2EB341006B7085 /* missUSA.mp3 */,
				A127F6C31D2EB341006B7085 /* muslim.mp3 */,
				A127F6C41D2EB341006B7085 /* wall.mp3 */,
				A127F6C51D2EB341006B7085 /* loan.mp3 */,
				A127F6C61D2EB341006B7085 /* rapists.mp3 */,
				A127F6C71D2EB341006B7085 /* tremendous.mp3 */,
				A127F6C81D2EB341006B7085 /* univision.mp3 */,
			);
			name = "Audio Files";
			sourceTree = "<group>";
		};
		A1EFBEA51D2D5EBC00EEE8E5 = {
			isa = PBXGroup;
			children = (
				A1EFBEE81D2DA50700EEE8E5 /* AVFoundation.framework */,
				A1EFBEB01D2D5EBC00EEE8E5 /* DJTQuoteGenerator */,
				A1EFBEAF1D2D5EBC00EEE8E5 /* Products */,
			);
			sourceTree = "<group>";
		};
		A1EFBEAF1D2D5EBC00EEE8E5 /* Products */ = {
			isa = PBXGroup;
			children = (
				A1EFBEAE1D2D5EBC00EEE8E5 /* DJTQuoteGenerator.app */,
			);
			name = Products;
			sourceTree = "<group>";
		};
		A1EFBEB01D2D5EBC00EEE8E5 /* DJTQuoteGenerator */ = {
			isa = PBXGroup;
			children = (
				A1EFBEB11D2D5EBC00EEE8E5 /* AppDelegate.swift */,
				A1EFBEB31D2D5EBC00EEE8E5 /* ViewController.swift */,
				A1EFBEB51D2D5EBC00EEE8E5 /* Main.storyboard */,
				A1EFBEB81D2D5EBC00EEE8E5 /* Assets.xcassets */,
				A1EFBEBA1D2D5EBC00EEE8E5 /* LaunchScreen.storyboard */,
				A1EFBEDB1D2DA3A200EEE8E5 /* Audio Files */,
				A1EFBEBD1D2D5EBC00EEE8E5 /* Info.plist */,
			);
			path = DJTQuoteGenerator;
			sourceTree = "<group>";
		};
		A1EFBEDB1D2DA3A200EEE8E5 /* Audio Files */ = {
			isa = PBXGroup;
			children = (
				A127F6BB1D2EB341006B7085 /* Audio Files */,
			);
			path = "Audio Files";
			sourceTree = "<group>";
		};
/* End PBXGroup section */

/* Begin PBXNativeTarget section */
		A1EFBEAD1D2D5EBC00EEE8E5 /* DJTQuoteGenerator */ = {
			isa = PBXNativeTarget;
			buildConfigurationList = A1EFBEC01D2D5EBC00EEE8E5 /* Build configuration list for PBXNativeTarget "DJTQuoteGenerator" */;
			buildPhases = (
				A1EFBEAA1D2D5EBC00EEE8E5 /* Sources */,
				A1EFBEAB1D2D5EBC00EEE8E5 /* Frameworks */,
				A1EFBEAC1D2D5EBC00EEE8E5 /* Resources */,
			);
			buildRules = (
			);
			dependencies = (
			);
			name = DJTQuoteGenerator;
			productName = DJTQuoteGenerator;
			productReference = A1EFBEAE1D2D5EBC00EEE8E5 /* DJTQuoteGenerator.app */;
			productType = "com.apple.product-type.application";
		};
/* End PBXNativeTarget section */

/* Begin PBXProject section */
		A1EFBEA61D2D5EBC00EEE8E5 /* Project object */ = {
			isa = PBXProject;
			attributes = {
				LastSwiftUpdateCheck = 0730;
				LastUpgradeCheck = 0730;
				ORGANIZATIONNAME = "Jackie Ennis";
				TargetAttributes = {
					A1EFBEAD1D2D5EBC00EEE8E5 = {
						CreatedOnToolsVersion = 7.3.1;
						DevelopmentTeam = 7TMT982P23;
					};
				};
			};
			buildConfigurationList = A1EFBEA91D2D5EBC00EEE8E5 /* Build configuration list for PBXProject "DJTQuoteGenerator" */;
			compatibilityVersion = "Xcode 3.2";
			developmentRegion = English;
			hasScannedForEncodings = 0;
			knownRegions = (
				en,
				Base,
			);
			mainGroup = A1EFBEA51D2D5EBC00EEE8E5;
			productRefGroup = A1EFBEAF1D2D5EBC00EEE8E5 /* Products */;
			projectDirPath = "";
			projectRoot = "";
			targets = (
				A1EFBEAD1D2D5EBC00EEE8E5 /* DJTQuoteGenerator */,
			);
		};
/* End PBXProject section */

/* Begin PBXResourcesBuildPhase section */
		A1EFBEAC1D2D5EBC00EEE8E5 /* Resources */ = {
			isa = PBXResourcesBuildPhase;
			buildActionMask = 2147483647;
			files = (
				A127F6D11D2EB341006B7085 /* wall.mp3 in Resources */,
				A127F6CB1D2EB341006B7085 /* love.mp3 in Resources */,
				A127F6D21D2EB341006B7085 /* loan.mp3 in Resources */,
				A1EFBEBC1D2D5EBC00EEE8E5 /* LaunchScreen.storyboard in Resources */,
				A127F6C91D2EB341006B7085 /* nowhere.mp3 in Resources */,
				A127F6CC1D2EB341006B7085 /* knees.mp3 in Resources */,
				A127F6D01D2EB341006B7085 /* muslim.mp3 in Resources */,
				A127F6CE1D2EB341006B7085 /* pay.mp3 in Resources */,
				A127F6D31D2EB341006B7085 /* rapists.mp3 in Resources */,
				A127F6CA1D2EB341006B7085 /* mexican.mp3 in Resources */,
				A1EFBEB91D2D5EBC00EEE8E5 /* Assets.xcassets in Resources */,
				A127F6D41D2EB341006B7085 /* tremendous.mp3 in Resources */,
				A127F6CD1D2EB341006B7085 /* ladies.mp3 in Resources */,
				A127F6CF1D2EB341006B7085 /* missUSA.mp3 in Resources */,
				A1EFBEB71D2D5EBC00EEE8E5 /* Main.storyboard in Resources */,
				A127F6D51D2EB341006B7085 /* univision.mp3 in Resources */,
			);
			runOnlyForDeploymentPostprocessing = 0;
		};
/* End PBXResourcesBuildPhase section */

/* Begin PBXSourcesBuildPhase section */
		A1EFBEAA1D2D5EBC00EEE8E5 /* Sources */ = {
			isa = PBXSourcesBuildPhase;
			buildActionMask = 2147483647;
			files = (
				A1EFBEB41D2D5EBC00EEE8E5 /* ViewController.swift in Sources */,
				A1EFBEB21D2D5EBC00EEE8E5 /* AppDelegate.swift in Sources */,
			);
			runOnlyForDeploymentPostprocessing = 0;
		};
/* End PBXSourcesBuildPhase section */

/* Begin PBXVariantGroup section */
		A1EFBEB51D2D5EBC00EEE8E5 /* Main.storyboard */ = {
			isa = PBXVariantGroup;
			children = (
				A1EFBEB61D2D5EBC00EEE8E5 /* Base */,
			);
			name = Main.storyboard;
			sourceTree = "<group>";
		};
		A1EFBEBA1D2D5EBC00EEE8E5 /* LaunchScreen.storyboard */ = {
			isa = PBXVariantGroup;
			children = (
				A1EFBEBB1D2D5EBC00EEE8E5 /* Base */,
			);
			name = LaunchScreen.storyboard;
			sourceTree = "<group>";
		};
/* End PBXVariantGroup section */

/* Begin XCBuildConfiguration section */
		A1EFBEBE1D2D5EBC00EEE8E5 /* Debug */ = {
			isa = XCBuildConfiguration;
			buildSettings = {
				ALWAYS_SEARCH_USER_PATHS = NO;
				CLANG_ANALYZER_NONNULL = YES;
				CLANG_CXX_LANGUAGE_STANDARD = "gnu++0x";
				CLANG_CXX_LIBRARY = "libc++";
				CLANG_ENABLE_MODULES = YES;
				CLANG_ENABLE_OBJC_ARC = YES;
				CLANG_WARN_BOOL_CONVERSION = YES;
				CLANG_WARN_CONSTANT_CONVERSION = YES;
				CLANG_WARN_DIRECT_OBJC_ISA_USAGE = YES_ERROR;
				CLANG_WARN_EMPTY_BODY = YES;
				CLANG_WARN_ENUM_CONVERSION = YES;
				CLANG_WARN_INT_CONVERSION = YES;
				CLANG_WARN_OBJC_ROOT_CLASS = YES_ERROR;
				CLANG_WARN_UNREACHABLE_CODE = YES;
				CLANG_WARN__DUPLICATE_METHOD_MATCH = YES;
				"CODE_SIGN_IDENTITY[sdk=iphoneos*]" = "iPhone Developer";
				COPY_PHASE_STRIP = NO;
				DEBUG_INFORMATION_FORMAT = dwarf;
				ENABLE_STRICT_OBJC_MSGSEND = YES;
				ENABLE_TESTABILITY = YES;
				GCC_C_LANGUAGE_STANDARD = gnu99;
				GCC_DYNAMIC_NO_PIC = NO;
				GCC_NO_COMMON_BLOCKS = YES;
				GCC_OPTIMIZATION_LEVEL = 0;
				GCC_PREPROCESSOR_DEFINITIONS = (
					"DEBUG=1",
					"$(inherited)",
				);
				GCC_WARN_64_TO_32_BIT_CONVERSION = YES;
				GCC_WARN_ABOUT_RETURN_TYPE = YES_ERROR;
				GCC_WARN_UNDECLARED_SELECTOR = YES;
				GCC_WARN_UNINITIALIZED_AUTOS = YES_AGGRESSIVE;
				GCC_WARN_UNUSED_FUNCTION = YES;
				GCC_WARN_UNUSED_VARIABLE = YES;
				IPHONEOS_DEPLOYMENT_TARGET = 9.3;
				MTL_ENABLE_DEBUG_INFO = YES;
				ONLY_ACTIVE_ARCH = YES;
				SDKROOT = iphoneos;
				SWIFT_OPTIMIZATION_LEVEL = "-Onone";
			};
			name = Debug;
		};
		A1EFBEBF1D2D5EBC00EEE8E5 /* Release */ = {
			isa = XCBuildConfiguration;
			buildSettings = {
				ALWAYS_SEARCH_USER_PATHS = NO;
				CLANG_ANALYZER_NONNULL = YES;
				CLANG_CXX_LANGUAGE_STANDARD = "gnu++0x";
				CLANG_CXX_LIBRARY = "libc++";
				CLANG_ENABLE_MODULES = YES;
				CLANG_ENABLE_OBJC_ARC = YES;
				CLANG_WARN_BOOL_CONVERSION = YES;
				CLANG_WARN_CONSTANT_CONVERSION = YES;
				CLANG_WARN_DIRECT_OBJC_ISA_USAGE = YES_ERROR;
				CLANG_WARN_EMPTY_BODY = YES;
				CLANG_WARN_ENUM_CONVERSION = YES;
				CLANG_WARN_INT_CONVERSION = YES;
				CLANG_WARN_OBJC_ROOT_CLASS = YES_ERROR;
				CLANG_WARN_UNREACHABLE_CODE = YES;
				CLANG_WARN__DUPLICATE_METHOD_MATCH = YES;
				"CODE_SIGN_IDENTITY[sdk=iphoneos*]" = "iPhone Developer";
				COPY_PHASE_STRIP = NO;
				DEBUG_INFORMATION_FORMAT = "dwarf-with-dsym";
				ENABLE_NS_ASSERTIONS = NO;
				ENABLE_STRICT_OBJC_MSGSEND = YES;
				GCC_C_LANGUAGE_STANDARD = gnu99;
				GCC_NO_COMMON_BLOCKS = YES;
				GCC_WARN_64_TO_32_BIT_CONVERSION = YES;
				GCC_WARN_ABOUT_RETURN_TYPE = YES_ERROR;
				GCC_WARN_UNDECLARED_SELECTOR = YES;
				GCC_WARN_UNINITIALIZED_AUTOS = YES_AGGRESSIVE;
				GCC_WARN_UNUSED_FUNCTION = YES;
				GCC_WARN_UNUSED_VARIABLE = YES;
				IPHONEOS_DEPLOYMENT_TARGET = 9.3;
				MTL_ENABLE_DEBUG_INFO = NO;
				SDKROOT = iphoneos;
				VALIDATE_PRODUCT = YES;
			};
			name = Release;
		};
		A1EFBEC11D2D5EBC00EEE8E5 /* Debug */ = {
			isa = XCBuildConfiguration;
			buildSettings = {
				ASSETCATALOG_COMPILER_APPICON_NAME = AppIcon;
				CODE_SIGN_IDENTITY = "iPhone Developer";
				"CODE_SIGN_IDENTITY[sdk=iphoneos*]" = "iPhone Developer";
				INFOPLIST_FILE = DJTQuoteGenerator/Info.plist;
				LD_RUNPATH_SEARCH_PATHS = "$(inherited) @executable_path/Frameworks";
				PRODUCT_BUNDLE_IDENTIFIER = com.JackieEnnis.DJTQuoteGenerator;
				PRODUCT_NAME = "$(TARGET_NAME)";
				PROVISIONING_PROFILE = "";
			};
			name = Debug;
		};
		A1EFBEC21D2D5EBC00EEE8E5 /* Release */ = {
			isa = XCBuildConfiguration;
			buildSettings = {
				ASSETCATALOG_COMPILER_APPICON_NAME = AppIcon;
				CODE_SIGN_IDENTITY = "iPhone Developer";
				"CODE_SIGN_IDENTITY[sdk=iphoneos*]" = "iPhone Developer";
				INFOPLIST_FILE = DJTQuoteGenerator/Info.plist;
				LD_RUNPATH_SEARCH_PATHS = "$(inherited) @executable_path/Frameworks";
				PRODUCT_BUNDLE_IDENTIFIER = com.JackieEnnis.DJTQuoteGenerator;
				PRODUCT_NAME = "$(TARGET_NAME)";
				PROVISIONING_PROFILE = "";
			};
			name = Release;
		};
/* End XCBuildConfiguration section */

/* Begin XCConfigurationList section */
		A1EFBEA91D2D5EBC00EEE8E5 /* Build configuration list for PBXProject "DJTQuoteGenerator" */ = {
			isa = XCConfigurationList;
			buildConfigurations = (
				A1EFBEBE1D2D5EBC00EEE8E5 /* Debug */,
				A1EFBEBF1D2D5EBC00EEE8E5 /* Release */,
			);
			defaultConfigurationIsVisible = 0;
			defaultConfigurationName = Release;
		};
		A1EFBEC01D2D5EBC00EEE8E5 /* Build configuration list for PBXNativeTarget "DJTQuoteGenerator" */ = {
			isa = XCConfigurationList;
			buildConfigurations = (
				A1EFBEC11D2D5EBC00EEE8E5 /* Debug */,
				A1EFBEC21D2D5EBC00EEE8E5 /* Release */,
			);
			defaultConfigurationIsVisible = 0;
			defaultConfigurationName = Release;
		};
/* End XCConfigurationList section */
	};
	rootObject = A1EFBEA61D2D5EBC00EEE8E5 /* Project object */;
}
